
Microsoft Visual Studio Solution File, Format Version 12.00
# Visual Studio Version 17
VisualStudioVersion = 17.0.31903.59
MinimumVisualStudioVersion = 10.0.40219.1
Project("{FAE04EC0-301F-11D3-BF4B-00C04F79EFBC}") = "API", "API\API.csproj", "{96593A24-9F02-493A-B088-BFC34787E71E}"
EndProject
Project("{FAE04EC0-301F-11D3-BF4B-00C04F79EFBC}") = "Core", "Core\Core.csproj", "{85348FD2-20CF-4666-83B8-82ADDEEE9EB0}"
EndProject
Project("{FAE04EC0-301F-11D3-BF4B-00C04F79EFBC}") = "Infrastructure", "Infrastructure\Infrastructure.csproj", "{7153AA68-15FC-4574-B2DF-AA617D144294}"
EndProject
Global
	GlobalSection(SolutionConfigurationPlatforms) = preSolution
		Debug|Any CPU = Debug|Any CPU
		Release|Any CPU = Release|Any CPU
	EndGlobalSection
	GlobalSection(SolutionProperties) = preSolution
		HideSolutionNode = FALSE
	EndGlobalSection
	GlobalSection(ProjectConfigurationPlatforms) = postSolution
		{96593A24-9F02-493A-B088-BFC34787E71E}.Debug|Any CPU.ActiveCfg = Debug|Any CPU
		{96593A24-9F02-493A-B088-BFC34787E71E}.Debug|Any CPU.Build.0 = Debug|Any CPU
		{96593A24-9F02-493A-B088-BFC34787E71E}.Release|Any CPU.ActiveCfg = Release|Any CPU
		{96593A24-9F02-493A-B088-BFC34787E71E}.Release|Any CPU.Build.0 = Release|Any CPU
		{85348FD2-20CF-4666-83B8-82ADDEEE9EB0}.Debug|Any CPU.ActiveCfg = Debug|Any CPU
		{85348FD2-20CF-4666-83B8-82ADDEEE9EB0}.Debug|Any CPU.Build.0 = Debug|Any CPU
		{85348FD2-20CF-4666-83B8-82ADDEEE9EB0}.Release|Any CPU.ActiveCfg = Release|Any CPU
		{85348FD2-20CF-4666-83B8-82ADDEEE9EB0}.Release|Any CPU.Build.0 = Release|Any CPU
		{7153AA68-15FC-4574-B2DF-AA617D144294}.Debug|Any CPU.ActiveCfg = Debug|Any CPU
		{7153AA68-15FC-4574-B2DF-AA617D144294}.Debug|Any CPU.Build.0 = Debug|Any CPU
		{7153AA68-15FC-4574-B2DF-AA617D144294}.Release|Any CPU.ActiveCfg = Release|Any CPU
		{7153AA68-15FC-4574-B2DF-AA617D144294}.Release|Any CPU.Build.0 = Release|Any CPU
	EndGlobalSection
EndGlobal
